
Microsoft Visual Studio Solution File, Format Version 12.00
# Visual Studio Version 16
VisualStudioVersion = 16.0.30320.27
MinimumVisualStudioVersion = 10.0.40219.1
Project("{FAE04EC0-301F-11D3-BF4B-00C04F79EFBC}") = "UserCrud", "UserCrud\UserCrud.csproj", "{B6E938FF-E6CE-40E8-A6DC-37D504CC3C35}"
EndProject
Global
	GlobalSection(SolutionConfigurationPlatforms) = preSolution
		Debug|Any CPU = Debug|Any CPU
		Release|Any CPU = Release|Any CPU
	EndGlobalSection
	GlobalSection(ProjectConfigurationPlatforms) = postSolution
		{B6E938FF-E6CE-40E8-A6DC-37D504CC3C35}.Debug|Any CPU.ActiveCfg = Debug|Any CPU
		{B6E938FF-E6CE-40E8-A6DC-37D504CC3C35}.Debug|Any CPU.Build.0 = Debug|Any CPU
		{B6E938FF-E6CE-40E8-A6DC-37D504CC3C35}.Release|Any CPU.ActiveCfg = Release|Any CPU
		{B6E938FF-E6CE-40E8-A6DC-37D504CC3C35}.Release|Any CPU.Build.0 = Release|Any CPU
	EndGlobalSection
	GlobalSection(SolutionProperties) = preSolution
		HideSolutionNode = FALSE
	EndGlobalSection
	GlobalSection(ExtensibilityGlobals) = postSolution
		SolutionGuid = {E5D21C6D-6CE7-42D7-A373-42EF1C5379B9}
	EndGlobalSection
EndGlobal
